
Microsoft Visual Studio Solution File, Format Version 12.00
# Visual Studio Version 17
VisualStudioVersion = 17.9.34902.65
MinimumVisualStudioVersion = 10.0.40219.1
Project("{FAE04EC0-301F-11D3-BF4B-00C04F79EFBC}") = "TribalSentry.API", "TribalSentry\TribalSentry.API.csproj", "{BAE05037-560C-4B03-92E5-1B217BF43F72}"
EndProject
Global
	GlobalSection(SolutionConfigurationPlatforms) = preSolution
		Debug|Any CPU = Debug|Any CPU
		Release|Any CPU = Release|Any CPU
	EndGlobalSection
	GlobalSection(ProjectConfigurationPlatforms) = postSolution
		{BAE05037-560C-4B03-92E5-1B217BF43F72}.Debug|Any CPU.ActiveCfg = Debug|Any CPU
		{BAE05037-560C-4B03-92E5-1B217BF43F72}.Debug|Any CPU.Build.0 = Debug|Any CPU
		{BAE05037-560C-4B03-92E5-1B217BF43F72}.Release|Any CPU.ActiveCfg = Release|Any CPU
		{BAE05037-560C-4B03-92E5-1B217BF43F72}.Release|Any CPU.Build.0 = Release|Any CPU
	EndGlobalSection
	GlobalSection(SolutionProperties) = preSolution
		HideSolutionNode = FALSE
	EndGlobalSection
	GlobalSection(ExtensibilityGlobals) = postSolution
		SolutionGuid = {147B6C06-D427-439D-AE72-6300DD6E7323}
	EndGlobalSection
EndGlobal
